// !$*UTF8*$!
{
	archiveVersion = 1;
	classes = {
	};
	objectVersion = 56;
	objects = {

/* Begin PBXBuildFile section */
		A1 /* WhisperPadTranscriberApp.swift in Sources */ = {isa = PBXBuildFile; fileRef = B1 /* WhisperPadTranscriberApp.swift */; };
		A2 /* ContentView.swift in Sources */ = {isa = PBXBuildFile; fileRef = B2 /* ContentView.swift */; };
		A3 /* TranscriptionViewModel.swift in Sources */ = {isa = PBXBuildFile; fileRef = B3 /* TranscriptionViewModel.swift */; };
		A4 /* WhisperKit in Frameworks */ = {isa = PBXBuildFile; productRef = PKGPROD1 /* WhisperKit */; };
/* End PBXBuildFile section */

/* Begin PBXFileReference section */
		P1 /* WhisperPadTranscriber.app */ = {isa = PBXFileReference; explicitFileType = wrapper.application; includeInIndex = 0; path = WhisperPadTranscriber.app; sourceTree = BUILT_PRODUCTS_DIR; };
		B1 /* WhisperPadTranscriberApp.swift */ = {isa = PBXFileReference; lastKnownFileType = sourcecode.swift; path = WhisperPadTranscriberApp.swift; sourceTree = "<group>"; };
		B2 /* ContentView.swift */ = {isa = PBXFileReference; lastKnownFileType = sourcecode.swift; path = ContentView.swift; sourceTree = "<group>"; };
		B3 /* TranscriptionViewModel.swift */ = {isa = PBXFileReference; lastKnownFileType = sourcecode.swift; path = TranscriptionViewModel.swift; sourceTree = "<group>"; };
		B4 /* Info.plist */ = {isa = PBXFileReference; lastKnownFileType = text.plist.xml; path = Info.plist; sourceTree = "<group>"; };
/* End PBXFileReference section */

/* Begin PBXFrameworksBuildPhase section */
		F1 = {
			isa = PBXFrameworksBuildPhase;
			buildActionMask = 2147483647;
			files = (
				A4 /* WhisperKit in Frameworks */,
			);
			runOnlyForDeploymentPostprocessing = 0;
		};
/* End PBXFrameworksBuildPhase section */

/* Begin PBXGroup section */
		G0 = {
			isa = PBXGroup;
			children = (
				G1,
				G2,
			);
			sourceTree = "<group>";
		};
		G1 = {
			isa = PBXGroup;
			children = (
				B1,
				B2,
				B3,
				B4,
			);
			path = WhisperPadTranscriber;
			sourceTree = "<group>";
		};
		G2 = {
			isa = PBXGroup;
			children = (
				P1,
			);
			name = Products;
			sourceTree = "<group>";
		};
/* End PBXGroup section */

/* Begin PBXNativeTarget section */
		T1 = {
			isa = PBXNativeTarget;
			buildConfigurationList = C2;
			buildPhases = (
				S1,
				F1,
				R1,
			);
			buildRules = (
			);
			dependencies = (
			);
			name = WhisperPadTranscriber;
			productName = WhisperPadTranscriber;
			productReference = P1;
			productType = "com.apple.product-type.application";
			packageProductDependencies = (
				PKGPROD1,
			);
		};
/* End PBXNativeTarget section */

/* Begin PBXProject section */
		PR1 = {
			isa = PBXProject;
			attributes = {
				BuildIndependentTargetsInParallel = 1;
				LastUpgradeCheck = 1600;
				TargetAttributes = {
					T1 = {
						CreatedOnToolsVersion = 16.0;
					};
				};
			};
			buildConfigurationList = C1;
			compatibilityVersion = "Xcode 14.0";
			developmentRegion = en;
			hasScannedForEncodings = 0;
			knownRegions = (
				en,
				Base,
			);
			mainGroup = G0;
			packageReferences = (
				PKGREF1,
			);
			productRefGroup = G2;
			projectDirPath = "";
			projectRoot = "";
			targets = (
				T1,
			);
		};
/* End PBXProject section */

/* Begin PBXResourcesBuildPhase section */
		R1 = {
			isa = PBXResourcesBuildPhase;
			buildActionMask = 2147483647;
			files = (
			);
			runOnlyForDeploymentPostprocessing = 0;
		};
/* End PBXResourcesBuildPhase section */

/* Begin PBXSourcesBuildPhase section */
		S1 = {
			isa = PBXSourcesBuildPhase;
			buildActionMask = 2147483647;
			files = (
				A1,
				A2,
				A3,
			);
			runOnlyForDeploymentPostprocessing = 0;
		};
/* End PBXSourcesBuildPhase section */

/* Begin XCBuildConfiguration section */
		D1 = {
			isa = XCBuildConfiguration;
			buildSettings = {
				ASSETCATALOG_COMPILER_APPICON_NAME = AppIcon;
				CODE_SIGN_STYLE = Automatic;
				CURRENT_PROJECT_VERSION = 1;
				DEVELOPMENT_TEAM = "";
				GENERATE_INFOPLIST_FILE = NO;
				INFOPLIST_FILE = WhisperPadTranscriber/Info.plist;
				IPHONEOS_DEPLOYMENT_TARGET = 18.0;
				LD_RUNPATH_SEARCH_PATHS = (
					"$(inherited)",
					"@executable_path/Frameworks",
				);
				MARKETING_VERSION = 1.0;
				PRODUCT_BUNDLE_IDENTIFIER = com.example.WhisperPadTranscriber;
				PRODUCT_NAME = "$(TARGET_NAME)";
				SDKROOT = iphoneos;
				SUPPORTED_PLATFORMS = "iphoneos iphonesimulator";
				SUPPORTS_MACCATALYST = NO;
				SWIFT_VERSION = 5.0;
				TARGETED_DEVICE_FAMILY = 2;
			};
			name = Debug;
		};
		D2 = {
			isa = XCBuildConfiguration;
			buildSettings = {
				ASSETCATALOG_COMPILER_APPICON_NAME = AppIcon;
				CODE_SIGN_STYLE = Automatic;
				CURRENT_PROJECT_VERSION = 1;
				DEVELOPMENT_TEAM = "";
				GENERATE_INFOPLIST_FILE = NO;
				INFOPLIST_FILE = WhisperPadTranscriber/Info.plist;
				IPHONEOS_DEPLOYMENT_TARGET = 18.0;
				LD_RUNPATH_SEARCH_PATHS = (
					"$(inherited)",
					"@executable_path/Frameworks",
				);
				MARKETING_VERSION = 1.0;
				PRODUCT_BUNDLE_IDENTIFIER = com.example.WhisperPadTranscriber;
				PRODUCT_NAME = "$(TARGET_NAME)";
				SDKROOT = iphoneos;
				SUPPORTED_PLATFORMS = "iphoneos iphonesimulator";
				SUPPORTS_MACCATALYST = NO;
				SWIFT_VERSION = 5.0;
				TARGETED_DEVICE_FAMILY = 2;
			};
			name = Release;
		};
		PBD1 = {
			isa = XCBuildConfiguration;
			buildSettings = {
				ALWAYS_SEARCH_USER_PATHS = NO;
				CLANG_ENABLE_MODULES = YES;
				CLANG_ENABLE_OBJC_ARC = YES;
				GCC_C_LANGUAGE_STANDARD = gnu17;
				SWIFT_VERSION = 5.0;
			};
			name = Debug;
		};
		PBD2 = {
			isa = XCBuildConfiguration;
			buildSettings = {
				ALWAYS_SEARCH_USER_PATHS = NO;
				CLANG_ENABLE_MODULES = YES;
				CLANG_ENABLE_OBJC_ARC = YES;
				GCC_C_LANGUAGE_STANDARD = gnu17;
				SWIFT_VERSION = 5.0;
			};
			name = Release;
		};
/* End XCBuildConfiguration section */

/* Begin XCConfigurationList section */
		C1 = {
			isa = XCConfigurationList;
			buildConfigurations = (
				PBD1,
				PBD2,
			);
			defaultConfigurationIsVisible = 0;
			defaultConfigurationName = Release;
		};
		C2 = {
			isa = XCConfigurationList;
			buildConfigurations = (
				D1,
				D2,
			);
			defaultConfigurationIsVisible = 0;
			defaultConfigurationName = Release;
		};
/* End XCConfigurationList section */

/* Begin XCRemoteSwiftPackageReference section */
		PKGREF1 = {
			isa = XCRemoteSwiftPackageReference;
			repositoryURL = "https://github.com/argmaxinc/WhisperKit";
			requirement = {
				kind = upToNextMajorVersion;
				minimumVersion = 0.10.0;
			};
		};
/* End XCRemoteSwiftPackageReference section */

/* Begin XCSwiftPackageProductDependency section */
		PKGPROD1 = {
			isa = XCSwiftPackageProductDependency;
			package = PKGREF1;
			productName = WhisperKit;
		};
/* End XCSwiftPackageProductDependency section */
	};
	rootObject = PR1;
}
